
Microsoft Visual Studio Solution File, Format Version 12.00
# Visual Studio 15
VisualStudioVersion = 15.0.26403.7
MinimumVisualStudioVersion = 10.0.40219.1
Project("{9092AA53-FB77-4645-B42D-1CCCA6BD08BD}") = "Angular-OneDrive-Rest-Sample", "Angular-OneDrive-Rest-Sample.njsproj", "{3917C73E-9A4E-4935-801E-9020795A84B3}"
EndProject
Global
	GlobalSection(SolutionConfigurationPlatforms) = preSolution
		Debug|Any CPU = Debug|Any CPU
		Release|Any CPU = Release|Any CPU
	EndGlobalSection
	GlobalSection(ProjectConfigurationPlatforms) = postSolution
		{3917C73E-9A4E-4935-801E-9020795A84B3}.Debug|Any CPU.ActiveCfg = Debug|Any CPU
		{3917C73E-9A4E-4935-801E-9020795A84B3}.Debug|Any CPU.Build.0 = Debug|Any CPU
		{3917C73E-9A4E-4935-801E-9020795A84B3}.Release|Any CPU.ActiveCfg = Release|Any CPU
		{3917C73E-9A4E-4935-801E-9020795A84B3}.Release|Any CPU.Build.0 = Release|Any CPU
	EndGlobalSection
	GlobalSection(SolutionProperties) = preSolution
		HideSolutionNode = FALSE
	EndGlobalSection
EndGlobal
